
Microsoft Visual Studio Solution File, Format Version 12.00
# Visual Studio Version 17
VisualStudioVersion = 17.12.35527.113
MinimumVisualStudioVersion = 10.0.40219.1
Project("{FAE04EC0-301F-11D3-BF4B-00C04F79EFBC}") = "ConsoleApp.OutputDemo", "ConsoleApp.OutputDemo\ConsoleApp.OutputDemo.csproj", "{6A2A0EC8-8757-4F99-86E4-5F72615734E7}"
EndProject
Project("{FAE04EC0-301F-11D3-BF4B-00C04F79EFBC}") = "ConsoleApp.Variables", "ConsoleApp.Variables\ConsoleApp.Variables.csproj", "{0D53C253-FA3E-465F-8ED8-75C890057144}"
EndProject
Project("{FAE04EC0-301F-11D3-BF4B-00C04F79EFBC}") = "ConsoleApp.UserInputDemo", "ConsoleApp.UserInputDemo\ConsoleApp.UserInputDemo.csproj", "{EEA3C19C-CCD2-4486-AF39-AC5433238FD2}"
EndProject
Project("{FAE04EC0-301F-11D3-BF4B-00C04F79EFBC}") = "ConsoleApp.Operators", "ConsoleApp.Operators\ConsoleApp.Operators.csproj", "{FB596A28-F812-49EE-9CB9-35ADB71C71D2}"
EndProject
Project("{FAE04EC0-301F-11D3-BF4B-00C04F79EFBC}") = "ConsoleApp.ConditionsAndDecisions", "ConsoleApp.ConditionsAndDecisions\ConsoleApp.ConditionsAndDecisions.csproj", "{01DAE524-2B54-4354-ADCA-C2CB9AFC31F6}"
EndProject
Project("{FAE04EC0-301F-11D3-BF4B-00C04F79EFBC}") = "ConsoleApp.SampleCalculator", "ConsoleApp.SampleCalculator\ConsoleApp.SampleCalculator.csproj", "{21D311C7-3A6A-4FED-8716-F21ECA113883}"
EndProject
Project("{FAE04EC0-301F-11D3-BF4B-00C04F79EFBC}") = "ConsoleApp.Loops", "ConsoleApp.Loops\ConsoleApp.Loops.csproj", "{354AA89A-2F43-4428-B5BC-DBEDA577659A}"
EndProject
Global
	GlobalSection(SolutionConfigurationPlatforms) = preSolution
		Debug|Any CPU = Debug|Any CPU
		Release|Any CPU = Release|Any CPU
	EndGlobalSection
	GlobalSection(ProjectConfigurationPlatforms) = postSolution
		{6A2A0EC8-8757-4F99-86E4-5F72615734E7}.Debug|Any CPU.ActiveCfg = Debug|Any CPU
		{6A2A0EC8-8757-4F99-86E4-5F72615734E7}.Debug|Any CPU.Build.0 = Debug|Any CPU
		{6A2A0EC8-8757-4F99-86E4-5F72615734E7}.Release|Any CPU.ActiveCfg = Release|Any CPU
		{6A2A0EC8-8757-4F99-86E4-5F72615734E7}.Release|Any CPU.Build.0 = Release|Any CPU
		{0D53C253-FA3E-465F-8ED8-75C890057144}.Debug|Any CPU.ActiveCfg = Debug|Any CPU
		{0D53C253-FA3E-465F-8ED8-75C890057144}.Debug|Any CPU.Build.0 = Debug|Any CPU
		{0D53C253-FA3E-465F-8ED8-75C890057144}.Release|Any CPU.ActiveCfg = Release|Any CPU
		{0D53C253-FA3E-465F-8ED8-75C890057144}.Release|Any CPU.Build.0 = Release|Any CPU
		{EEA3C19C-CCD2-4486-AF39-AC5433238FD2}.Debug|Any CPU.ActiveCfg = Debug|Any CPU
		{EEA3C19C-CCD2-4486-AF39-AC5433238FD2}.Debug|Any CPU.Build.0 = Debug|Any CPU
		{EEA3C19C-CCD2-4486-AF39-AC5433238FD2}.Release|Any CPU.ActiveCfg = Release|Any CPU
		{EEA3C19C-CCD2-4486-AF39-AC5433238FD2}.Release|Any CPU.Build.0 = Release|Any CPU
		{FB596A28-F812-49EE-9CB9-35ADB71C71D2}.Debug|Any CPU.ActiveCfg = Debug|Any CPU
		{FB596A28-F812-49EE-9CB9-35ADB71C71D2}.Debug|Any CPU.Build.0 = Debug|Any CPU
		{FB596A28-F812-49EE-9CB9-35ADB71C71D2}.Release|Any CPU.ActiveCfg = Release|Any CPU
		{FB596A28-F812-49EE-9CB9-35ADB71C71D2}.Release|Any CPU.Build.0 = Release|Any CPU
		{01DAE524-2B54-4354-ADCA-C2CB9AFC31F6}.Debug|Any CPU.ActiveCfg = Debug|Any CPU
		{01DAE524-2B54-4354-ADCA-C2CB9AFC31F6}.Debug|Any CPU.Build.0 = Debug|Any CPU
		{01DAE524-2B54-4354-ADCA-C2CB9AFC31F6}.Release|Any CPU.ActiveCfg = Release|Any CPU
		{01DAE524-2B54-4354-ADCA-C2CB9AFC31F6}.Release|Any CPU.Build.0 = Release|Any CPU
		{21D311C7-3A6A-4FED-8716-F21ECA113883}.Debug|Any CPU.ActiveCfg = Debug|Any CPU
		{21D311C7-3A6A-4FED-8716-F21ECA113883}.Debug|Any CPU.Build.0 = Debug|Any CPU
		{21D311C7-3A6A-4FED-8716-F21ECA113883}.Release|Any CPU.ActiveCfg = Release|Any CPU
		{21D311C7-3A6A-4FED-8716-F21ECA113883}.Release|Any CPU.Build.0 = Release|Any CPU
		{354AA89A-2F43-4428-B5BC-DBEDA577659A}.Debug|Any CPU.ActiveCfg = Debug|Any CPU
		{354AA89A-2F43-4428-B5BC-DBEDA577659A}.Debug|Any CPU.Build.0 = Debug|Any CPU
		{354AA89A-2F43-4428-B5BC-DBEDA577659A}.Release|Any CPU.ActiveCfg = Release|Any CPU
		{354AA89A-2F43-4428-B5BC-DBEDA577659A}.Release|Any CPU.Build.0 = Release|Any CPU
	EndGlobalSection
	GlobalSection(SolutionProperties) = preSolution
		HideSolutionNode = FALSE
	EndGlobalSection
EndGlobal
